
Microsoft Visual Studio Solution File, Format Version 12.00
# Visual Studio Version 17
VisualStudioVersion = 17.7.34024.191
MinimumVisualStudioVersion = 10.0.40219.1
Project("{FAE04EC0-301F-11D3-BF4B-00C04F79EFBC}") = "Castelom.Cinefilo.MovieTheaterAPI", "Castelom.Cinefilo.MovieTheaterAPI\Castelom.Cinefilo.MovieTheaterAPI.csproj", "{1441AB17-E916-420E-87E4-F553BE77D090}"
EndProject
Global
	GlobalSection(SolutionConfigurationPlatforms) = preSolution
		Debug|Any CPU = Debug|Any CPU
		Release|Any CPU = Release|Any CPU
	EndGlobalSection
	GlobalSection(ProjectConfigurationPlatforms) = postSolution
		{1441AB17-E916-420E-87E4-F553BE77D090}.Debug|Any CPU.ActiveCfg = Debug|Any CPU
		{1441AB17-E916-420E-87E4-F553BE77D090}.Debug|Any CPU.Build.0 = Debug|Any CPU
		{1441AB17-E916-420E-87E4-F553BE77D090}.Release|Any CPU.ActiveCfg = Release|Any CPU
		{1441AB17-E916-420E-87E4-F553BE77D090}.Release|Any CPU.Build.0 = Release|Any CPU
	EndGlobalSection
	GlobalSection(SolutionProperties) = preSolution
		HideSolutionNode = FALSE
	EndGlobalSection
	GlobalSection(ExtensibilityGlobals) = postSolution
		SolutionGuid = {60EF7EBB-495E-4DD6-BE4E-9549D15DCB2A}
	EndGlobalSection
EndGlobal
